{
  "pins" : [
    {
      "identity" : "googlemaps-sp",
      "kind" : "remoteSourceControl",
      "location" : "https://github.com/YAtechnologies/GoogleMaps-SP.git",
      "state" : {
        "revision" : "83a0e832bbf95c95ded0747b79cf7f5890a852ea",
        "version" : "6.2.1"
      }
    }
  ],
  "version" : 2
}
